
Microsoft Visual Studio Solution File, Format Version 12.00
# Visual Studio Version 16
VisualStudioVersion = 16.0.34301.259
MinimumVisualStudioVersion = 10.0.40219.1
Project("{FAE04EC0-301F-11D3-BF4B-00C04F79EFBC}") = "SziaUnitTest", "ConsoleApp1\SziaUnitTest.csproj", "{F7FF55E2-A44E-4AA7-94E1-ABCC2A8270BC}"
EndProject
Project("{FAE04EC0-301F-11D3-BF4B-00C04F79EFBC}") = "UnitTestProject1", "UnitTestProject1\UnitTestProject1.csproj", "{91C7EEEE-150B-4B6C-98A7-4B5CC1451AA4}"
EndProject
Global
	GlobalSection(SolutionConfigurationPlatforms) = preSolution
		Debug|Any CPU = Debug|Any CPU
		Release|Any CPU = Release|Any CPU
	EndGlobalSection
	GlobalSection(ProjectConfigurationPlatforms) = postSolution
		{F7FF55E2-A44E-4AA7-94E1-ABCC2A8270BC}.Debug|Any CPU.ActiveCfg = Debug|Any CPU
		{F7FF55E2-A44E-4AA7-94E1-ABCC2A8270BC}.Debug|Any CPU.Build.0 = Debug|Any CPU
		{F7FF55E2-A44E-4AA7-94E1-ABCC2A8270BC}.Release|Any CPU.ActiveCfg = Release|Any CPU
		{F7FF55E2-A44E-4AA7-94E1-ABCC2A8270BC}.Release|Any CPU.Build.0 = Release|Any CPU
		{91C7EEEE-150B-4B6C-98A7-4B5CC1451AA4}.Debug|Any CPU.ActiveCfg = Debug|Any CPU
		{91C7EEEE-150B-4B6C-98A7-4B5CC1451AA4}.Debug|Any CPU.Build.0 = Debug|Any CPU
		{91C7EEEE-150B-4B6C-98A7-4B5CC1451AA4}.Release|Any CPU.ActiveCfg = Release|Any CPU
		{91C7EEEE-150B-4B6C-98A7-4B5CC1451AA4}.Release|Any CPU.Build.0 = Release|Any CPU
	EndGlobalSection
	GlobalSection(SolutionProperties) = preSolution
		HideSolutionNode = FALSE
	EndGlobalSection
	GlobalSection(ExtensibilityGlobals) = postSolution
		SolutionGuid = {DFC339D9-7208-4DF1-8521-F5E10DA14777}
	EndGlobalSection
EndGlobal
